
Microsoft Visual Studio Solution File, Format Version 12.00
Project("{2150E333-8FDC-42A3-9474-1A3956D46DE8}") = "ToDoList", "ToDoList", "{6DC306D5-5976-424C-8331-8BFE202FE642}"
EndProject
Project("{FAE04EC0-301F-11D3-BF4B-00C04F79EFBC}") = "ToDoList", "ToDoList\ToDoList\ToDoList.csproj", "{C5FA2B9F-28D3-466C-9D36-71972E249943}"
EndProject
Project("{FAE04EC0-301F-11D3-BF4B-00C04F79EFBC}") = "ToDoList.Core", "ToDoList\ToDoList.Core\ToDoList.Core.csproj", "{5642D921-1BEA-4330-8AA1-C1E629BD9FF9}"
EndProject
Project("{FAE04EC0-301F-11D3-BF4B-00C04F79EFBC}") = "ToDoList.Core.Abstract", "ToDoList\ToDoList.Core.Abstract\ToDoList.Core.Abstract.csproj", "{9A6339D7-6DC7-48BE-80E8-B2360FDF568A}"
EndProject
Project("{FAE04EC0-301F-11D3-BF4B-00C04F79EFBC}") = "AvaloniaUtility", "Utility\AvaloniaUtility\AvaloniaUtility.csproj", "{EDFD2414-D635-4BBA-8CAE-03054B9A7610}"
EndProject
Project("{2150E333-8FDC-42A3-9474-1A3956D46DE8}") = "Generator", "Generator", "{053DDDBA-2BF3-48BA-B899-E9575EFEBC31}"
EndProject
Project("{FAE04EC0-301F-11D3-BF4B-00C04F79EFBC}") = "ToDoListDb.Abstract", "ToDoList\ToDoListDb.Abstract\ToDoListDb.Abstract.csproj", "{F29A12F6-6981-4BC0-9C87-8C64D3E47F09}"
EndProject
Project("{FAE04EC0-301F-11D3-BF4B-00C04F79EFBC}") = "ToDoListDb.Core", "ToDoList\ToDoListDb.Core\ToDoListDb.Core.csproj", "{EF9782E1-2605-487B-AB81-F076C9523642}"
EndProject
Project("{FAE04EC0-301F-11D3-BF4B-00C04F79EFBC}") = "DIAbstract", "ToDoList\DIAbstract\DIAbstract.csproj", "{0DC594BB-8409-49CA-BCFB-DBF130E3E75C}"
EndProject
Project("{FAE04EC0-301F-11D3-BF4B-00C04F79EFBC}") = "NetUtility", "NetUtility\NetUtility.csproj", "{0C289506-6593-4245-8D08-1B7421C78A87}"
EndProject
Global
	GlobalSection(SolutionConfigurationPlatforms) = preSolution
		Debug|Any CPU = Debug|Any CPU
		Release|Any CPU = Release|Any CPU
	EndGlobalSection
	GlobalSection(ProjectConfigurationPlatforms) = postSolution
		{C5FA2B9F-28D3-466C-9D36-71972E249943}.Debug|Any CPU.ActiveCfg = Debug|Any CPU
		{C5FA2B9F-28D3-466C-9D36-71972E249943}.Debug|Any CPU.Build.0 = Debug|Any CPU
		{C5FA2B9F-28D3-466C-9D36-71972E249943}.Release|Any CPU.ActiveCfg = Release|Any CPU
		{C5FA2B9F-28D3-466C-9D36-71972E249943}.Release|Any CPU.Build.0 = Release|Any CPU
		{5642D921-1BEA-4330-8AA1-C1E629BD9FF9}.Debug|Any CPU.ActiveCfg = Debug|Any CPU
		{5642D921-1BEA-4330-8AA1-C1E629BD9FF9}.Debug|Any CPU.Build.0 = Debug|Any CPU
		{5642D921-1BEA-4330-8AA1-C1E629BD9FF9}.Release|Any CPU.ActiveCfg = Release|Any CPU
		{5642D921-1BEA-4330-8AA1-C1E629BD9FF9}.Release|Any CPU.Build.0 = Release|Any CPU
		{9A6339D7-6DC7-48BE-80E8-B2360FDF568A}.Debug|Any CPU.ActiveCfg = Debug|Any CPU
		{9A6339D7-6DC7-48BE-80E8-B2360FDF568A}.Debug|Any CPU.Build.0 = Debug|Any CPU
		{9A6339D7-6DC7-48BE-80E8-B2360FDF568A}.Release|Any CPU.ActiveCfg = Release|Any CPU
		{9A6339D7-6DC7-48BE-80E8-B2360FDF568A}.Release|Any CPU.Build.0 = Release|Any CPU
		{EDFD2414-D635-4BBA-8CAE-03054B9A7610}.Debug|Any CPU.ActiveCfg = Debug|Any CPU
		{EDFD2414-D635-4BBA-8CAE-03054B9A7610}.Debug|Any CPU.Build.0 = Debug|Any CPU
		{EDFD2414-D635-4BBA-8CAE-03054B9A7610}.Release|Any CPU.ActiveCfg = Release|Any CPU
		{EDFD2414-D635-4BBA-8CAE-03054B9A7610}.Release|Any CPU.Build.0 = Release|Any CPU
		{F29A12F6-6981-4BC0-9C87-8C64D3E47F09}.Debug|Any CPU.ActiveCfg = Debug|Any CPU
		{F29A12F6-6981-4BC0-9C87-8C64D3E47F09}.Debug|Any CPU.Build.0 = Debug|Any CPU
		{F29A12F6-6981-4BC0-9C87-8C64D3E47F09}.Release|Any CPU.ActiveCfg = Release|Any CPU
		{F29A12F6-6981-4BC0-9C87-8C64D3E47F09}.Release|Any CPU.Build.0 = Release|Any CPU
		{EF9782E1-2605-487B-AB81-F076C9523642}.Debug|Any CPU.ActiveCfg = Debug|Any CPU
		{EF9782E1-2605-487B-AB81-F076C9523642}.Debug|Any CPU.Build.0 = Debug|Any CPU
		{EF9782E1-2605-487B-AB81-F076C9523642}.Release|Any CPU.ActiveCfg = Release|Any CPU
		{EF9782E1-2605-487B-AB81-F076C9523642}.Release|Any CPU.Build.0 = Release|Any CPU
		{0DC594BB-8409-49CA-BCFB-DBF130E3E75C}.Debug|Any CPU.ActiveCfg = Debug|Any CPU
		{0DC594BB-8409-49CA-BCFB-DBF130E3E75C}.Debug|Any CPU.Build.0 = Debug|Any CPU
		{0DC594BB-8409-49CA-BCFB-DBF130E3E75C}.Release|Any CPU.ActiveCfg = Release|Any CPU
		{0DC594BB-8409-49CA-BCFB-DBF130E3E75C}.Release|Any CPU.Build.0 = Release|Any CPU
		{0C289506-6593-4245-8D08-1B7421C78A87}.Debug|Any CPU.ActiveCfg = Debug|Any CPU
		{0C289506-6593-4245-8D08-1B7421C78A87}.Debug|Any CPU.Build.0 = Debug|Any CPU
		{0C289506-6593-4245-8D08-1B7421C78A87}.Release|Any CPU.ActiveCfg = Release|Any CPU
		{0C289506-6593-4245-8D08-1B7421C78A87}.Release|Any CPU.Build.0 = Release|Any CPU
	EndGlobalSection
	GlobalSection(NestedProjects) = preSolution
		{C5FA2B9F-28D3-466C-9D36-71972E249943} = {6DC306D5-5976-424C-8331-8BFE202FE642}
		{5642D921-1BEA-4330-8AA1-C1E629BD9FF9} = {6DC306D5-5976-424C-8331-8BFE202FE642}
		{9A6339D7-6DC7-48BE-80E8-B2360FDF568A} = {6DC306D5-5976-424C-8331-8BFE202FE642}
		{F29A12F6-6981-4BC0-9C87-8C64D3E47F09} = {6DC306D5-5976-424C-8331-8BFE202FE642}
		{EF9782E1-2605-487B-AB81-F076C9523642} = {6DC306D5-5976-424C-8331-8BFE202FE642}
		{0DC594BB-8409-49CA-BCFB-DBF130E3E75C} = {6DC306D5-5976-424C-8331-8BFE202FE642}
	EndGlobalSection
EndGlobal
