
Microsoft Visual Studio Solution File, Format Version 12.00
Project("{2150E333-8FDC-42A3-9474-1A3956D46DE8}") = "ToDoList", "ToDoList", "{6DC306D5-5976-424C-8331-8BFE202FE642}"
EndProject
Project("{FAE04EC0-301F-11D3-BF4B-00C04F79EFBC}") = "ToDoList", "ToDoList\ToDoList\ToDoList.csproj", "{C5FA2B9F-28D3-466C-9D36-71972E249943}"
EndProject
Project("{FAE04EC0-301F-11D3-BF4B-00C04F79EFBC}") = "ToDoList.Core", "ToDoList\ToDoList.Core\ToDoList.Core.csproj", "{5642D921-1BEA-4330-8AA1-C1E629BD9FF9}"
EndProject
Project("{FAE04EC0-301F-11D3-BF4B-00C04F79EFBC}") = "ToDoList.Core.Abstract", "ToDoList\ToDoList.Core.Abstract\ToDoList.Core.Abstract.csproj", "{9A6339D7-6DC7-48BE-80E8-B2360FDF568A}"
EndProject
Project("{FAE04EC0-301F-11D3-BF4B-00C04F79EFBC}") = "AvaloniaUtility", "Utility\AvaloniaUtility\AvaloniaUtility.csproj", "{EDFD2414-D635-4BBA-8CAE-03054B9A7610}"
EndProject
Project("{2150E333-8FDC-42A3-9474-1A3956D46DE8}") = "Generator", "Generator", "{053DDDBA-2BF3-48BA-B899-E9575EFEBC31}"
EndProject
Project("{FAE04EC0-301F-11D3-BF4B-00C04F79EFBC}") = "ToDoList.DataBase", "ToDoList\ToDoList.DataBase\ToDoList.DataBase.csproj", "{EF9782E1-2605-487B-AB81-F076C9523642}"
EndProject
Project("{FAE04EC0-301F-11D3-BF4B-00C04F79EFBC}") = "DIAbstract", "Utility\DIAbstract\DIAbstract.csproj", "{0DC594BB-8409-49CA-BCFB-DBF130E3E75C}"
EndProject
Project("{FAE04EC0-301F-11D3-BF4B-00C04F79EFBC}") = "NetUtility", "Utility\NetUtility\NetUtility.csproj", "{0C289506-6593-4245-8D08-1B7421C78A87}"
EndProject
Project("{2150E333-8FDC-42A3-9474-1A3956D46DE8}") = "TagImage", "TagImage", "{CBB7DF48-8ACC-4CF9-B1DF-A0B92B8CB59A}"
EndProject
Project("{FAE04EC0-301F-11D3-BF4B-00C04F79EFBC}") = "TagImage", "TagImage\TagImage\TagImage.csproj", "{20033590-6A0E-4CC2-89D6-CF4D77C643E7}"
EndProject
Project("{FAE04EC0-301F-11D3-BF4B-00C04F79EFBC}") = "TagImage.Core", "TagImage\TagImage.Core\TagImage.Core.csproj", "{54D3C4E3-DF7E-430B-BA30-F952B4F11708}"
EndProject
Project("{FAE04EC0-301F-11D3-BF4B-00C04F79EFBC}") = "TagImage.Core.Abstract", "TagImage\TagImage.Core.Abstract\TagImage.Core.Abstract.csproj", "{A585EADB-D79B-4704-BFE9-E829D096CCED}"
	ProjectSection(ProjectDependencies) = postProject
		{0DC594BB-8409-49CA-BCFB-DBF130E3E75C} = {0DC594BB-8409-49CA-BCFB-DBF130E3E75C}
	EndProjectSection
EndProject
Project("{FAE04EC0-301F-11D3-BF4B-00C04F79EFBC}") = "TagImage.Database", "TagImage\TagImage.Database\TagImage.Database.csproj", "{910AB8A8-BCD0-4BE8-A224-518F5E6E6A8E}"
EndProject
Project("{FAE04EC0-301F-11D3-BF4B-00C04F79EFBC}") = "DataBaseAbstract", "Utility\DataBaseAbstract\DataBaseAbstract.csproj", "{D45239D4-ED76-418A-83B7-211223D9C2FF}"
EndProject
Project("{FAE04EC0-301F-11D3-BF4B-00C04F79EFBC}") = "TestMap", "TestMap\TestMap.csproj", "{6D05571E-316A-4942-9E83-9C719414DC1E}"
EndProject
Project("{2150E333-8FDC-42A3-9474-1A3956D46DE8}") = "DynamicLoading", "DynamicLoading", "{38B2A97C-24B7-4597-BCF4-300EF59DB4D0}"
EndProject
Project("{FAE04EC0-301F-11D3-BF4B-00C04F79EFBC}") = "DLManager", "DynamicLoading\DLManager\DLManager.csproj", "{1724B528-98FA-479F-A948-7B20B17F5234}"
EndProject
Project("{FAE04EC0-301F-11D3-BF4B-00C04F79EFBC}") = "DLManager.Core", "DynamicLoading\DLManager.Core\DLManager.Core.csproj", "{9A7683C3-EE5F-4783-B80A-B408982E1EFA}"
EndProject
Project("{FAE04EC0-301F-11D3-BF4B-00C04F79EFBC}") = "DLManager.Core.Abstract", "DynamicLoading\DLManager.Core.Abstract\DLManager.Core.Abstract.csproj", "{C7B9D8E5-D9F3-4FEC-A226-A361485527AF}"
EndProject
Project("{FAE04EC0-301F-11D3-BF4B-00C04F79EFBC}") = "DLManager.Plugin.Abstract", "DynamicLoading\DLManager.Plugin.Abstract\DLManager.Plugin.Abstract.csproj", "{DFFF420C-9E7B-40B6-849A-1561621779D0}"
EndProject
Project("{FAE04EC0-301F-11D3-BF4B-00C04F79EFBC}") = "DLManager.Plugin.GadgetPlugin", "DynamicLoading\DLManager.Plugin.GadgetPlugin\DLManager.Plugin.GadgetPlugin.csproj", "{3399E0C3-5659-45D9-95B4-F6007F548898}"
EndProject
Project("{2150E333-8FDC-42A3-9474-1A3956D46DE8}") = "CommandTools", "CommandTools", "{6BBE6501-C181-4E48-9136-E94B358E5B6C}"
EndProject
Project("{FAE04EC0-301F-11D3-BF4B-00C04F79EFBC}") = "ImagePixelEditor", "Tools\ImagePixelEditor\ImagePixelEditor.csproj", "{F59081CF-C817-4220-9767-137D6956DAC8}"
EndProject
Project("{FAE04EC0-301F-11D3-BF4B-00C04F79EFBC}") = "M3u8ToMp4", "Tools\M3u8ToMp4\M3u8ToMp4.csproj", "{180FF225-E8F1-4FA1-B60C-2495630B7CCA}"
EndProject
Project("{2150E333-8FDC-42A3-9474-1A3956D46DE8}") = "Utilities", "Utilities", "{183DD576-EC12-42D5-B786-5E127C8299A7}"
EndProject
Project("{2150E333-8FDC-42A3-9474-1A3956D46DE8}") = "QianXi", "QianXi", "{F2C819DD-7952-46B9-BC05-808B466EFE20}"
EndProject
Project("{2150E333-8FDC-42A3-9474-1A3956D46DE8}") = "DeadLine", "DeadLine", "{51F0602F-5C3E-4BED-86FE-E01DCF7C5040}"
EndProject
Project("{FAE04EC0-301F-11D3-BF4B-00C04F79EFBC}") = "DeadLine", "DeadLine\DeadLine\DeadLine.csproj", "{7545EB96-7D19-4EE4-8FDC-8CE4B03DEA38}"
EndProject
Project("{FAE04EC0-301F-11D3-BF4B-00C04F79EFBC}") = "DeadLine.Core", "DeadLine\DeadLine.Core\DeadLine.Core.csproj", "{63AD0C1C-80C7-4626-9DE0-162A0D0586EA}"
EndProject
Project("{FAE04EC0-301F-11D3-BF4B-00C04F79EFBC}") = "DeadLine.Core.Abstract", "DeadLine\DeadLine.Core.Abstract\DeadLine.Core.Abstract.csproj", "{DC95C592-33E5-4F6C-94DB-1A32F76FDC2C}"
EndProject
Project("{FAE04EC0-301F-11D3-BF4B-00C04F79EFBC}") = "DeadLine.DataBase.Core", "DeadLine\DeadLine.DataBase.Core\DeadLine.DataBase.Core.csproj", "{934AD914-D761-48DC-B759-1D304F170A4A}"
EndProject
Project("{2150E333-8FDC-42A3-9474-1A3956D46DE8}") = "MultiPanel", "MultiPanel", "{95B7E925-1DCE-4358-B6DD-29916154596A}"
EndProject
Project("{2150E333-8FDC-42A3-9474-1A3956D46DE8}") = "Silo", "Silo", "{1C7059D3-BFFA-44F6-BD8B-45347C39F655}"
EndProject
Project("{2150E333-8FDC-42A3-9474-1A3956D46DE8}") = "Client", "Client", "{C35D3B9E-F633-432D-AC2A-2833936EDA37}"
EndProject
Project("{2150E333-8FDC-42A3-9474-1A3956D46DE8}") = "Common", "Common", "{0717B24A-4F30-442F-8F93-84D3E97F282D}"
EndProject
Project("{FAE04EC0-301F-11D3-BF4B-00C04F79EFBC}") = "MultiPanel.Silo", "MultiPanel\MultiPanel.Silo\MultiPanel.Silo.csproj", "{3C25326D-E2EB-4714-9D18-CB3BBE789C9E}"
EndProject
Project("{2150E333-8FDC-42A3-9474-1A3956D46DE8}") = "Solution Items", "Solution Items", "{CDEA1C1F-2F5D-41D4-BF9F-E4F6DFE657DD}"
	ProjectSection(SolutionItems) = preProject
		compose.yaml = compose.yaml
	EndProjectSection
EndProject
Project("{FAE04EC0-301F-11D3-BF4B-00C04F79EFBC}") = "MultiPanel.Client", "MultiPanel\MultiPanel.Client\MultiPanel.Client.csproj", "{32994640-F6B7-449E-A4F9-864ACDFF0C2D}"
EndProject
Project("{FAE04EC0-301F-11D3-BF4B-00C04F79EFBC}") = "MultiPanel.Grains", "MultiPanel\MultiPanel.Grains\MultiPanel.Grains.csproj", "{61FAEE12-EF03-4B30-8596-675C81896BD6}"
EndProject
Project("{FAE04EC0-301F-11D3-BF4B-00C04F79EFBC}") = "MultiPanel.Abstractions", "MultiPanel\MultiPanel.Abstractions\MultiPanel.Abstractions.csproj", "{6B668F39-7DD7-4E68-A1BE-3C8548B28D64}"
EndProject
Project("{FAE04EC0-301F-11D3-BF4B-00C04F79EFBC}") = "MultiPanel.Interfaces", "MultiPanel\MultiPanel.Interfaces\MultiPanel.Interfaces.csproj", "{D8636026-4363-4446-B58A-F9C7975C230A}"
EndProject
Project("{FAE04EC0-301F-11D3-BF4B-00C04F79EFBC}") = "MultiPanel.Shared", "MultiPanel\MultiPanel.Shared\MultiPanel.Shared.csproj", "{F215856B-13B3-4030-8176-6B17C0868E8D}"
EndProject
Project("{FAE04EC0-301F-11D3-BF4B-00C04F79EFBC}") = "MultiPanel.Avalonia", "MultiPanel\MultiPanel.Avalonia\MultiPanel.Avalonia.csproj", "{8356A35B-1F3C-4852-B992-22498814933F}"
EndProject
Project("{FAE04EC0-301F-11D3-BF4B-00C04F79EFBC}") = "MultiPanel.Client.Abstract", "MultiPanel\MultiPanel.Client.Abstract\MultiPanel.Client.Abstract.csproj", "{9EA00159-06D6-4A3E-A3D0-CFD6F0CBD70D}"
EndProject
Project("{FAE04EC0-301F-11D3-BF4B-00C04F79EFBC}") = "BreaTest", "BreaTest\BreaTest.csproj", "{8D8F1C69-B8EC-42A6-B7A2-EB3307D36021}"
EndProject
Global
	GlobalSection(SolutionConfigurationPlatforms) = preSolution
		Debug|Any CPU = Debug|Any CPU
		Release|Any CPU = Release|Any CPU
	EndGlobalSection
	GlobalSection(ProjectConfigurationPlatforms) = postSolution
		{C5FA2B9F-28D3-466C-9D36-71972E249943}.Debug|Any CPU.ActiveCfg = Debug|Any CPU
		{C5FA2B9F-28D3-466C-9D36-71972E249943}.Debug|Any CPU.Build.0 = Debug|Any CPU
		{C5FA2B9F-28D3-466C-9D36-71972E249943}.Release|Any CPU.ActiveCfg = Release|Any CPU
		{C5FA2B9F-28D3-466C-9D36-71972E249943}.Release|Any CPU.Build.0 = Release|Any CPU
		{5642D921-1BEA-4330-8AA1-C1E629BD9FF9}.Debug|Any CPU.ActiveCfg = Debug|Any CPU
		{5642D921-1BEA-4330-8AA1-C1E629BD9FF9}.Debug|Any CPU.Build.0 = Debug|Any CPU
		{5642D921-1BEA-4330-8AA1-C1E629BD9FF9}.Release|Any CPU.ActiveCfg = Release|Any CPU
		{5642D921-1BEA-4330-8AA1-C1E629BD9FF9}.Release|Any CPU.Build.0 = Release|Any CPU
		{9A6339D7-6DC7-48BE-80E8-B2360FDF568A}.Debug|Any CPU.ActiveCfg = Debug|Any CPU
		{9A6339D7-6DC7-48BE-80E8-B2360FDF568A}.Debug|Any CPU.Build.0 = Debug|Any CPU
		{9A6339D7-6DC7-48BE-80E8-B2360FDF568A}.Release|Any CPU.ActiveCfg = Release|Any CPU
		{9A6339D7-6DC7-48BE-80E8-B2360FDF568A}.Release|Any CPU.Build.0 = Release|Any CPU
		{EDFD2414-D635-4BBA-8CAE-03054B9A7610}.Debug|Any CPU.ActiveCfg = Debug|Any CPU
		{EDFD2414-D635-4BBA-8CAE-03054B9A7610}.Debug|Any CPU.Build.0 = Debug|Any CPU
		{EDFD2414-D635-4BBA-8CAE-03054B9A7610}.Release|Any CPU.ActiveCfg = Release|Any CPU
		{EDFD2414-D635-4BBA-8CAE-03054B9A7610}.Release|Any CPU.Build.0 = Release|Any CPU
		{EF9782E1-2605-487B-AB81-F076C9523642}.Debug|Any CPU.ActiveCfg = Debug|Any CPU
		{EF9782E1-2605-487B-AB81-F076C9523642}.Debug|Any CPU.Build.0 = Debug|Any CPU
		{EF9782E1-2605-487B-AB81-F076C9523642}.Release|Any CPU.ActiveCfg = Release|Any CPU
		{EF9782E1-2605-487B-AB81-F076C9523642}.Release|Any CPU.Build.0 = Release|Any CPU
		{0DC594BB-8409-49CA-BCFB-DBF130E3E75C}.Debug|Any CPU.ActiveCfg = Debug|Any CPU
		{0DC594BB-8409-49CA-BCFB-DBF130E3E75C}.Debug|Any CPU.Build.0 = Debug|Any CPU
		{0DC594BB-8409-49CA-BCFB-DBF130E3E75C}.Release|Any CPU.ActiveCfg = Release|Any CPU
		{0DC594BB-8409-49CA-BCFB-DBF130E3E75C}.Release|Any CPU.Build.0 = Release|Any CPU
		{0C289506-6593-4245-8D08-1B7421C78A87}.Debug|Any CPU.ActiveCfg = Debug|Any CPU
		{0C289506-6593-4245-8D08-1B7421C78A87}.Debug|Any CPU.Build.0 = Debug|Any CPU
		{0C289506-6593-4245-8D08-1B7421C78A87}.Release|Any CPU.ActiveCfg = Release|Any CPU
		{0C289506-6593-4245-8D08-1B7421C78A87}.Release|Any CPU.Build.0 = Release|Any CPU
		{20033590-6A0E-4CC2-89D6-CF4D77C643E7}.Debug|Any CPU.ActiveCfg = Debug|Any CPU
		{20033590-6A0E-4CC2-89D6-CF4D77C643E7}.Debug|Any CPU.Build.0 = Debug|Any CPU
		{20033590-6A0E-4CC2-89D6-CF4D77C643E7}.Release|Any CPU.ActiveCfg = Release|Any CPU
		{20033590-6A0E-4CC2-89D6-CF4D77C643E7}.Release|Any CPU.Build.0 = Release|Any CPU
		{54D3C4E3-DF7E-430B-BA30-F952B4F11708}.Debug|Any CPU.ActiveCfg = Debug|Any CPU
		{54D3C4E3-DF7E-430B-BA30-F952B4F11708}.Debug|Any CPU.Build.0 = Debug|Any CPU
		{54D3C4E3-DF7E-430B-BA30-F952B4F11708}.Release|Any CPU.ActiveCfg = Release|Any CPU
		{54D3C4E3-DF7E-430B-BA30-F952B4F11708}.Release|Any CPU.Build.0 = Release|Any CPU
		{A585EADB-D79B-4704-BFE9-E829D096CCED}.Debug|Any CPU.ActiveCfg = Debug|Any CPU
		{A585EADB-D79B-4704-BFE9-E829D096CCED}.Debug|Any CPU.Build.0 = Debug|Any CPU
		{A585EADB-D79B-4704-BFE9-E829D096CCED}.Release|Any CPU.ActiveCfg = Release|Any CPU
		{A585EADB-D79B-4704-BFE9-E829D096CCED}.Release|Any CPU.Build.0 = Release|Any CPU
		{910AB8A8-BCD0-4BE8-A224-518F5E6E6A8E}.Debug|Any CPU.ActiveCfg = Debug|Any CPU
		{910AB8A8-BCD0-4BE8-A224-518F5E6E6A8E}.Debug|Any CPU.Build.0 = Debug|Any CPU
		{910AB8A8-BCD0-4BE8-A224-518F5E6E6A8E}.Release|Any CPU.ActiveCfg = Release|Any CPU
		{910AB8A8-BCD0-4BE8-A224-518F5E6E6A8E}.Release|Any CPU.Build.0 = Release|Any CPU
		{D45239D4-ED76-418A-83B7-211223D9C2FF}.Debug|Any CPU.ActiveCfg = Debug|Any CPU
		{D45239D4-ED76-418A-83B7-211223D9C2FF}.Debug|Any CPU.Build.0 = Debug|Any CPU
		{D45239D4-ED76-418A-83B7-211223D9C2FF}.Release|Any CPU.ActiveCfg = Release|Any CPU
		{D45239D4-ED76-418A-83B7-211223D9C2FF}.Release|Any CPU.Build.0 = Release|Any CPU
		{6D05571E-316A-4942-9E83-9C719414DC1E}.Debug|Any CPU.ActiveCfg = Debug|Any CPU
		{6D05571E-316A-4942-9E83-9C719414DC1E}.Debug|Any CPU.Build.0 = Debug|Any CPU
		{6D05571E-316A-4942-9E83-9C719414DC1E}.Release|Any CPU.ActiveCfg = Release|Any CPU
		{6D05571E-316A-4942-9E83-9C719414DC1E}.Release|Any CPU.Build.0 = Release|Any CPU
		{1724B528-98FA-479F-A948-7B20B17F5234}.Debug|Any CPU.ActiveCfg = Debug|Any CPU
		{1724B528-98FA-479F-A948-7B20B17F5234}.Debug|Any CPU.Build.0 = Debug|Any CPU
		{1724B528-98FA-479F-A948-7B20B17F5234}.Release|Any CPU.ActiveCfg = Release|Any CPU
		{1724B528-98FA-479F-A948-7B20B17F5234}.Release|Any CPU.Build.0 = Release|Any CPU
		{9A7683C3-EE5F-4783-B80A-B408982E1EFA}.Debug|Any CPU.ActiveCfg = Debug|Any CPU
		{9A7683C3-EE5F-4783-B80A-B408982E1EFA}.Debug|Any CPU.Build.0 = Debug|Any CPU
		{9A7683C3-EE5F-4783-B80A-B408982E1EFA}.Release|Any CPU.ActiveCfg = Release|Any CPU
		{9A7683C3-EE5F-4783-B80A-B408982E1EFA}.Release|Any CPU.Build.0 = Release|Any CPU
		{C7B9D8E5-D9F3-4FEC-A226-A361485527AF}.Debug|Any CPU.ActiveCfg = Debug|Any CPU
		{C7B9D8E5-D9F3-4FEC-A226-A361485527AF}.Debug|Any CPU.Build.0 = Debug|Any CPU
		{C7B9D8E5-D9F3-4FEC-A226-A361485527AF}.Release|Any CPU.ActiveCfg = Release|Any CPU
		{C7B9D8E5-D9F3-4FEC-A226-A361485527AF}.Release|Any CPU.Build.0 = Release|Any CPU
		{DFFF420C-9E7B-40B6-849A-1561621779D0}.Debug|Any CPU.ActiveCfg = Debug|Any CPU
		{DFFF420C-9E7B-40B6-849A-1561621779D0}.Debug|Any CPU.Build.0 = Debug|Any CPU
		{DFFF420C-9E7B-40B6-849A-1561621779D0}.Release|Any CPU.ActiveCfg = Release|Any CPU
		{DFFF420C-9E7B-40B6-849A-1561621779D0}.Release|Any CPU.Build.0 = Release|Any CPU
		{3399E0C3-5659-45D9-95B4-F6007F548898}.Debug|Any CPU.ActiveCfg = Debug|Any CPU
		{3399E0C3-5659-45D9-95B4-F6007F548898}.Debug|Any CPU.Build.0 = Debug|Any CPU
		{3399E0C3-5659-45D9-95B4-F6007F548898}.Release|Any CPU.ActiveCfg = Release|Any CPU
		{3399E0C3-5659-45D9-95B4-F6007F548898}.Release|Any CPU.Build.0 = Release|Any CPU
		{F59081CF-C817-4220-9767-137D6956DAC8}.Debug|Any CPU.ActiveCfg = Debug|Any CPU
		{F59081CF-C817-4220-9767-137D6956DAC8}.Debug|Any CPU.Build.0 = Debug|Any CPU
		{F59081CF-C817-4220-9767-137D6956DAC8}.Release|Any CPU.ActiveCfg = Release|Any CPU
		{F59081CF-C817-4220-9767-137D6956DAC8}.Release|Any CPU.Build.0 = Release|Any CPU
		{180FF225-E8F1-4FA1-B60C-2495630B7CCA}.Debug|Any CPU.ActiveCfg = Debug|Any CPU
		{180FF225-E8F1-4FA1-B60C-2495630B7CCA}.Debug|Any CPU.Build.0 = Debug|Any CPU
		{180FF225-E8F1-4FA1-B60C-2495630B7CCA}.Release|Any CPU.ActiveCfg = Release|Any CPU
		{180FF225-E8F1-4FA1-B60C-2495630B7CCA}.Release|Any CPU.Build.0 = Release|Any CPU
		{7545EB96-7D19-4EE4-8FDC-8CE4B03DEA38}.Debug|Any CPU.ActiveCfg = Debug|Any CPU
		{7545EB96-7D19-4EE4-8FDC-8CE4B03DEA38}.Debug|Any CPU.Build.0 = Debug|Any CPU
		{7545EB96-7D19-4EE4-8FDC-8CE4B03DEA38}.Release|Any CPU.ActiveCfg = Release|Any CPU
		{7545EB96-7D19-4EE4-8FDC-8CE4B03DEA38}.Release|Any CPU.Build.0 = Release|Any CPU
		{63AD0C1C-80C7-4626-9DE0-162A0D0586EA}.Debug|Any CPU.ActiveCfg = Debug|Any CPU
		{63AD0C1C-80C7-4626-9DE0-162A0D0586EA}.Debug|Any CPU.Build.0 = Debug|Any CPU
		{63AD0C1C-80C7-4626-9DE0-162A0D0586EA}.Release|Any CPU.ActiveCfg = Release|Any CPU
		{63AD0C1C-80C7-4626-9DE0-162A0D0586EA}.Release|Any CPU.Build.0 = Release|Any CPU
		{DC95C592-33E5-4F6C-94DB-1A32F76FDC2C}.Debug|Any CPU.ActiveCfg = Debug|Any CPU
		{DC95C592-33E5-4F6C-94DB-1A32F76FDC2C}.Debug|Any CPU.Build.0 = Debug|Any CPU
		{DC95C592-33E5-4F6C-94DB-1A32F76FDC2C}.Release|Any CPU.ActiveCfg = Release|Any CPU
		{DC95C592-33E5-4F6C-94DB-1A32F76FDC2C}.Release|Any CPU.Build.0 = Release|Any CPU
		{934AD914-D761-48DC-B759-1D304F170A4A}.Debug|Any CPU.ActiveCfg = Debug|Any CPU
		{934AD914-D761-48DC-B759-1D304F170A4A}.Debug|Any CPU.Build.0 = Debug|Any CPU
		{934AD914-D761-48DC-B759-1D304F170A4A}.Release|Any CPU.ActiveCfg = Release|Any CPU
		{934AD914-D761-48DC-B759-1D304F170A4A}.Release|Any CPU.Build.0 = Release|Any CPU
		{3C25326D-E2EB-4714-9D18-CB3BBE789C9E}.Debug|Any CPU.ActiveCfg = Debug|Any CPU
		{3C25326D-E2EB-4714-9D18-CB3BBE789C9E}.Debug|Any CPU.Build.0 = Debug|Any CPU
		{3C25326D-E2EB-4714-9D18-CB3BBE789C9E}.Release|Any CPU.ActiveCfg = Release|Any CPU
		{3C25326D-E2EB-4714-9D18-CB3BBE789C9E}.Release|Any CPU.Build.0 = Release|Any CPU
		{32994640-F6B7-449E-A4F9-864ACDFF0C2D}.Debug|Any CPU.ActiveCfg = Debug|Any CPU
		{32994640-F6B7-449E-A4F9-864ACDFF0C2D}.Debug|Any CPU.Build.0 = Debug|Any CPU
		{32994640-F6B7-449E-A4F9-864ACDFF0C2D}.Release|Any CPU.ActiveCfg = Release|Any CPU
		{32994640-F6B7-449E-A4F9-864ACDFF0C2D}.Release|Any CPU.Build.0 = Release|Any CPU
		{61FAEE12-EF03-4B30-8596-675C81896BD6}.Debug|Any CPU.ActiveCfg = Debug|Any CPU
		{61FAEE12-EF03-4B30-8596-675C81896BD6}.Debug|Any CPU.Build.0 = Debug|Any CPU
		{61FAEE12-EF03-4B30-8596-675C81896BD6}.Release|Any CPU.ActiveCfg = Release|Any CPU
		{61FAEE12-EF03-4B30-8596-675C81896BD6}.Release|Any CPU.Build.0 = Release|Any CPU
		{6B668F39-7DD7-4E68-A1BE-3C8548B28D64}.Debug|Any CPU.ActiveCfg = Debug|Any CPU
		{6B668F39-7DD7-4E68-A1BE-3C8548B28D64}.Debug|Any CPU.Build.0 = Debug|Any CPU
		{6B668F39-7DD7-4E68-A1BE-3C8548B28D64}.Release|Any CPU.ActiveCfg = Release|Any CPU
		{6B668F39-7DD7-4E68-A1BE-3C8548B28D64}.Release|Any CPU.Build.0 = Release|Any CPU
		{D8636026-4363-4446-B58A-F9C7975C230A}.Debug|Any CPU.ActiveCfg = Debug|Any CPU
		{D8636026-4363-4446-B58A-F9C7975C230A}.Debug|Any CPU.Build.0 = Debug|Any CPU
		{D8636026-4363-4446-B58A-F9C7975C230A}.Release|Any CPU.ActiveCfg = Release|Any CPU
		{D8636026-4363-4446-B58A-F9C7975C230A}.Release|Any CPU.Build.0 = Release|Any CPU
		{F215856B-13B3-4030-8176-6B17C0868E8D}.Debug|Any CPU.ActiveCfg = Debug|Any CPU
		{F215856B-13B3-4030-8176-6B17C0868E8D}.Debug|Any CPU.Build.0 = Debug|Any CPU
		{F215856B-13B3-4030-8176-6B17C0868E8D}.Release|Any CPU.ActiveCfg = Release|Any CPU
		{F215856B-13B3-4030-8176-6B17C0868E8D}.Release|Any CPU.Build.0 = Release|Any CPU
		{8356A35B-1F3C-4852-B992-22498814933F}.Debug|Any CPU.ActiveCfg = Debug|Any CPU
		{8356A35B-1F3C-4852-B992-22498814933F}.Debug|Any CPU.Build.0 = Debug|Any CPU
		{8356A35B-1F3C-4852-B992-22498814933F}.Release|Any CPU.ActiveCfg = Release|Any CPU
		{8356A35B-1F3C-4852-B992-22498814933F}.Release|Any CPU.Build.0 = Release|Any CPU
		{9EA00159-06D6-4A3E-A3D0-CFD6F0CBD70D}.Debug|Any CPU.ActiveCfg = Debug|Any CPU
		{9EA00159-06D6-4A3E-A3D0-CFD6F0CBD70D}.Debug|Any CPU.Build.0 = Debug|Any CPU
		{9EA00159-06D6-4A3E-A3D0-CFD6F0CBD70D}.Release|Any CPU.ActiveCfg = Release|Any CPU
		{9EA00159-06D6-4A3E-A3D0-CFD6F0CBD70D}.Release|Any CPU.Build.0 = Release|Any CPU
		{8D8F1C69-B8EC-42A6-B7A2-EB3307D36021}.Debug|Any CPU.ActiveCfg = Debug|Any CPU
		{8D8F1C69-B8EC-42A6-B7A2-EB3307D36021}.Debug|Any CPU.Build.0 = Debug|Any CPU
		{8D8F1C69-B8EC-42A6-B7A2-EB3307D36021}.Release|Any CPU.ActiveCfg = Release|Any CPU
		{8D8F1C69-B8EC-42A6-B7A2-EB3307D36021}.Release|Any CPU.Build.0 = Release|Any CPU
	EndGlobalSection
	GlobalSection(NestedProjects) = preSolution
		{C5FA2B9F-28D3-466C-9D36-71972E249943} = {6DC306D5-5976-424C-8331-8BFE202FE642}
		{5642D921-1BEA-4330-8AA1-C1E629BD9FF9} = {6DC306D5-5976-424C-8331-8BFE202FE642}
		{9A6339D7-6DC7-48BE-80E8-B2360FDF568A} = {6DC306D5-5976-424C-8331-8BFE202FE642}
		{EF9782E1-2605-487B-AB81-F076C9523642} = {6DC306D5-5976-424C-8331-8BFE202FE642}
		{20033590-6A0E-4CC2-89D6-CF4D77C643E7} = {CBB7DF48-8ACC-4CF9-B1DF-A0B92B8CB59A}
		{54D3C4E3-DF7E-430B-BA30-F952B4F11708} = {CBB7DF48-8ACC-4CF9-B1DF-A0B92B8CB59A}
		{A585EADB-D79B-4704-BFE9-E829D096CCED} = {CBB7DF48-8ACC-4CF9-B1DF-A0B92B8CB59A}
		{910AB8A8-BCD0-4BE8-A224-518F5E6E6A8E} = {CBB7DF48-8ACC-4CF9-B1DF-A0B92B8CB59A}
		{1724B528-98FA-479F-A948-7B20B17F5234} = {38B2A97C-24B7-4597-BCF4-300EF59DB4D0}
		{9A7683C3-EE5F-4783-B80A-B408982E1EFA} = {38B2A97C-24B7-4597-BCF4-300EF59DB4D0}
		{C7B9D8E5-D9F3-4FEC-A226-A361485527AF} = {38B2A97C-24B7-4597-BCF4-300EF59DB4D0}
		{DFFF420C-9E7B-40B6-849A-1561621779D0} = {38B2A97C-24B7-4597-BCF4-300EF59DB4D0}
		{3399E0C3-5659-45D9-95B4-F6007F548898} = {38B2A97C-24B7-4597-BCF4-300EF59DB4D0}
		{F59081CF-C817-4220-9767-137D6956DAC8} = {6BBE6501-C181-4E48-9136-E94B358E5B6C}
		{180FF225-E8F1-4FA1-B60C-2495630B7CCA} = {6BBE6501-C181-4E48-9136-E94B358E5B6C}
		{EDFD2414-D635-4BBA-8CAE-03054B9A7610} = {183DD576-EC12-42D5-B786-5E127C8299A7}
		{D45239D4-ED76-418A-83B7-211223D9C2FF} = {183DD576-EC12-42D5-B786-5E127C8299A7}
		{0DC594BB-8409-49CA-BCFB-DBF130E3E75C} = {183DD576-EC12-42D5-B786-5E127C8299A7}
		{0C289506-6593-4245-8D08-1B7421C78A87} = {183DD576-EC12-42D5-B786-5E127C8299A7}
		{7545EB96-7D19-4EE4-8FDC-8CE4B03DEA38} = {51F0602F-5C3E-4BED-86FE-E01DCF7C5040}
		{63AD0C1C-80C7-4626-9DE0-162A0D0586EA} = {51F0602F-5C3E-4BED-86FE-E01DCF7C5040}
		{DC95C592-33E5-4F6C-94DB-1A32F76FDC2C} = {51F0602F-5C3E-4BED-86FE-E01DCF7C5040}
		{934AD914-D761-48DC-B759-1D304F170A4A} = {51F0602F-5C3E-4BED-86FE-E01DCF7C5040}
		{1C7059D3-BFFA-44F6-BD8B-45347C39F655} = {95B7E925-1DCE-4358-B6DD-29916154596A}
		{C35D3B9E-F633-432D-AC2A-2833936EDA37} = {95B7E925-1DCE-4358-B6DD-29916154596A}
		{0717B24A-4F30-442F-8F93-84D3E97F282D} = {95B7E925-1DCE-4358-B6DD-29916154596A}
		{3C25326D-E2EB-4714-9D18-CB3BBE789C9E} = {1C7059D3-BFFA-44F6-BD8B-45347C39F655}
		{32994640-F6B7-449E-A4F9-864ACDFF0C2D} = {C35D3B9E-F633-432D-AC2A-2833936EDA37}
		{61FAEE12-EF03-4B30-8596-675C81896BD6} = {1C7059D3-BFFA-44F6-BD8B-45347C39F655}
		{6B668F39-7DD7-4E68-A1BE-3C8548B28D64} = {0717B24A-4F30-442F-8F93-84D3E97F282D}
		{D8636026-4363-4446-B58A-F9C7975C230A} = {0717B24A-4F30-442F-8F93-84D3E97F282D}
		{F215856B-13B3-4030-8176-6B17C0868E8D} = {0717B24A-4F30-442F-8F93-84D3E97F282D}
		{8356A35B-1F3C-4852-B992-22498814933F} = {C35D3B9E-F633-432D-AC2A-2833936EDA37}
		{9EA00159-06D6-4A3E-A3D0-CFD6F0CBD70D} = {C35D3B9E-F633-432D-AC2A-2833936EDA37}
	EndGlobalSection
EndGlobal
